<?xml version="1.0" encoding="UTF-8" standalone="yes" ?>
<CodeBlocks_project_file>
	<FileVersion major="1" minor="6" />
	<Project>
		<Option title="Multiverse_Engine_Project_Public_Unit_Tests" />
		<Option pch_mode="2" />
		<Option compiler="gcc" />
		<Option extended_obj_names="1" />
		<Build>
			<Target title="Debug">
				<Option output="../../build/Debug/Unit_Tests" prefix_auto="1" extension_auto="1" />
				<Option object_output="../../build/obj/Debug/" />
				<Option type="1" />
				<Option compiler="gcc" />
				<Compiler>
					<Add option="-g" />
				</Compiler>
				<Linker>
					<Add library="../../build/Debug/lib/libCore_Multiverse_Engine.so" />
					<Add library="../../build/Debug/lib/libPanic_Handler_Multiverse_Engine.so" />
					<Add library="../../build/Debug/lib/libCommon_Multiverse_Engine.so" />
				</Linker>
			</Target>
			<Target title="Release">
				<Option output="../../build/Release/Unit_Tests" prefix_auto="1" extension_auto="1" />
				<Option object_output="../../build/obj/Release/" />
				<Option type="1" />
				<Option compiler="gcc" />
				<Compiler>
					<Add option="-O2" />
				</Compiler>
				<Linker>
					<Add option="-s" />
					<Add library="../../build/Release/lib/libCore_Multiverse_Engine.so" />
					<Add library="../../build/Release/lib/libPanic_Handler_Multiverse_Engine.so" />
					<Add library="../../build/Release/lib/libCommon_Multiverse_Engine.so" />
				</Linker>
			</Target>
		</Build>
		<Compiler>
			<Add option="-Wall" />
		</Compiler>
		<Unit filename="../../src/Tests/Test_Base_Header.h" />
		<Unit filename="../../src/Tests/Unit_Test_Common.h" />
		<Unit filename="../../src/Tests/Unit_Test_Core.h" />
		<Unit filename="../../src/Tests/Unit_Test_Data_Object.cpp" />
		<Unit filename="../../src/Tests/Unit_Test_Data_Object_Insert_Char.cpp" />
		<Unit filename="../../src/Tests/Unit_Test_FileUtills_CopyPath.cpp" />
		<Unit filename="../../src/Tests/Unit_Test_Thread_Utils.cpp" />
		<Unit filename="../../src/Tests/Unit_Tests.cpp" />
		<Unit filename="../../src/Tests/Unit_Tests.h" />
		<Extensions>
			<envvars />
			<code_completion />
			<lib_finder disable_auto="1" />
			<debugger>
				<search_path add="../../src/Common/Src" />
				<search_path add="../../src/Core/Src" />
				<search_path add="../../src/Tests" />
			</debugger>
		</Extensions>
	</Project>
</CodeBlocks_project_file>
